version = 1
revision = 3
requires-python = ">=3.14"

[[package]]
name = "basedpyright"
version = "1.39.6"
source = { registry = "https://pypi.org/simple" }
dependencies = [
    { name = "nodejs-wheel-binaries" },
]
sdist = { url = "https://files.pythonhosted.org/packages/7a/1a/48296b4479ccc9051eb9617a6507a69a68f5b68693fb6a118cfe08199270/basedpyright-1.39.6.tar.gz", hash = "sha256:d00ec5f8ba4e1a67dfc2fa3a9474229c89f61f207d14c02d320db78f57aa16ef", size = 25504244, upload-time = "2026-05-24T07:44:41.864Z" }
wheels = [
    { url = "https://files.pythonhosted.org/packages/d4/07/6d1b3192715d42e8c9887876684a941eff28ec5d79c23a0f3758377e2182/basedpyright-1.39.6-py3-none-any.whl", hash = "sha256:5e0b9befbae6b26d0fbcc6645ac26923725e749d1224539e24f05ab07f9365ad", size = 13182122, upload-time = "2026-05-24T07:44:47.086Z" },
]

[[package]]
name = "certifi"
version = "2026.5.20"
source = { registry = "https://pypi.org/simple" }
sdist = { url = "https://files.pythonhosted.org/packages/f3/ce/ee2ecad540810a79593028e88299baeae54d346cc7a0d94b6199988b89b1/certifi-2026.5.20.tar.gz", hash = "sha256:69dea482ab64caa7b9f6aba1c6bf48bb6a5448d1c0f1b17ab42ad8c763a5344d", size = 135422, upload-time = "2026-05-20T11:46:50.073Z" }
wheels = [
    { url = "https://files.pythonhosted.org/packages/59/8c/57e832b7af6d7c5abe66eb3fbe3a3a32f4d11ea23a1aa7131371035be991/certifi-2026.5.20-py3-none-any.whl", hash = "sha256:3c52e209ba0a4ad7aebe60436a4ab349c39e1e602e8c134221e546902ad25897", size = 134134, upload-time = "2026-05-20T11:46:48.578Z" },
]

[[package]]
name = "charset-normalizer"
version = "3.4.7"
source = { registry = "https://pypi.org/simple" }
sdist = { url = "https://files.pythonhosted.org/packages/e7/a1/67fe25fac3c7642725500a3f6cfe5821ad557c3abb11c9d20d12c7008d3e/charset_normalizer-3.4.7.tar.gz", hash = "sha256:ae89db9e5f98a11a4bf50407d4363e7b09b31e55bc117b4f7d80aab97ba009e5", size = 144271, upload-time = "2026-04-02T09:28:39.342Z" }
wheels = [
    { url = "https://files.pythonhosted.org/packages/97/c8/c67cb8c70e19ef1960b97b22ed2a1567711de46c4ddf19799923adc836c2/charset_normalizer-3.4.7-cp314-cp314-macosx_10_15_universal2.whl", hash = "sha256:c36c333c39be2dbca264d7803333c896ab8fa7d4d6f0ab7edb7dfd7aea6e98c0", size = 309234, upload-time = "2026-04-02T09:27:07.194Z" },
    { url = "https://files.pythonhosted.org/packages/99/85/c091fdee33f20de70d6c8b522743b6f831a2f1cd3ff86de4c6a827c48a76/charset_normalizer-3.4.7-cp314-cp314-manylinux2014_aarch64.manylinux_2_17_aarch64.manylinux_2_28_aarch64.whl", hash = "sha256:1c2aed2e5e41f24ea8ef1590b8e848a79b56f3a5564a65ceec43c9d692dc7d8a", size = 208042, upload-time = "2026-04-02T09:27:08.749Z" },
    { url = "https://files.pythonhosted.org/packages/87/1c/ab2ce611b984d2fd5d86a5a8a19c1ae26acac6bad967da4967562c75114d/charset_normalizer-3.4.7-cp314-cp314-manylinux2014_ppc64le.manylinux_2_17_ppc64le.manylinux_2_28_ppc64le.whl", hash = "sha256:54523e136b8948060c0fa0bc7b1b50c32c186f2fceee897a495406bb6e311d2b", size = 228706, upload-time = "2026-04-02T09:27:09.951Z" },
    { url = "https://files.pythonhosted.org/packages/a8/29/2b1d2cb00bf085f59d29eb773ce58ec2d325430f8c216804a0a5cd83cbca/charset_normalizer-3.4.7-cp314-cp314-manylinux2014_s390x.manylinux_2_17_s390x.manylinux_2_28_s390x.whl", hash = "sha256:715479b9a2802ecac752a3b0efa2b0b60285cf962ee38414211abdfccc233b41", size = 224727, upload-time = "2026-04-02T09:27:11.175Z" },
    { url = "https://files.pythonhosted.org/packages/47/5c/032c2d5a07fe4d4855fea851209cca2b6f03ebeb6d4e3afdb3358386a684/charset_normalizer-3.4.7-cp314-cp314-manylinux2014_x86_64.manylinux_2_17_x86_64.manylinux_2_28_x86_64.whl", hash = "sha256:bd6c2a1c7573c64738d716488d2cdd3c00e340e4835707d8fdb8dc1a66ef164e", size = 215882, upload-time = "2026-04-02T09:27:12.446Z" },
    { url = "https://files.pythonhosted.org/packages/2c/c2/356065d5a8b78ed04499cae5f339f091946a6a74f91e03476c33f0ab7100/charset_normalizer-3.4.7-cp314-cp314-manylinux_2_31_armv7l.whl", hash = "sha256:c45e9440fb78f8ddabcf714b68f936737a121355bf59f3907f4e17721b9d1aae", size = 200860, upload-time = "2026-04-02T09:27:13.721Z" },
    { url = "https://files.pythonhosted.org/packages/0c/cd/a32a84217ced5039f53b29f460962abb2d4420def55afabe45b1c3c7483d/charset_normalizer-3.4.7-cp314-cp314-manylinux_2_31_riscv64.manylinux_2_39_riscv64.whl", hash = "sha256:3534e7dcbdcf757da6b85a0bbf5b6868786d5982dd959b065e65481644817a18", size = 211564, upload-time = "2026-04-02T09:27:15.272Z" },
    { url = "https://files.pythonhosted.org/packages/44/86/58e6f13ce26cc3b8f4a36b94a0f22ae2f00a72534520f4ae6857c4b81f89/charset_normalizer-3.4.7-cp314-cp314-musllinux_1_2_aarch64.whl", hash = "sha256:e8ac484bf18ce6975760921bb6148041faa8fef0547200386ea0b52b5d27bf7b", size = 211276, upload-time = "2026-04-02T09:27:16.834Z" },
    { url = "https://files.pythonhosted.org/packages/8f/fe/d17c32dc72e17e155e06883efa84514ca375f8a528ba2546bee73fc4df81/charset_normalizer-3.4.7-cp314-cp314-musllinux_1_2_armv7l.whl", hash = "sha256:a5fe03b42827c13cdccd08e6c0247b6a6d4b5e3cdc53fd1749f5896adcdc2356", size = 201238, upload-time = "2026-04-02T09:27:18.229Z" },
    { url = "https://files.pythonhosted.org/packages/6a/29/f33daa50b06525a237451cdb6c69da366c381a3dadcd833fa5676bc468b3/charset_normalizer-3.4.7-cp314-cp314-musllinux_1_2_ppc64le.whl", hash = "sha256:2d6eb928e13016cea4f1f21d1e10c1cebd5a421bc57ddf5b1142ae3f86824fab", size = 230189, upload-time = "2026-04-02T09:27:19.445Z" },
    { url = "https://files.pythonhosted.org/packages/b6/6e/52c84015394a6a0bdcd435210a7e944c5f94ea1055f5cc5d56c5fe368e7b/charset_normalizer-3.4.7-cp314-cp314-musllinux_1_2_riscv64.whl", hash = "sha256:e74327fb75de8986940def6e8dee4f127cc9752bee7355bb323cc5b2659b6d46", size = 211352, upload-time = "2026-04-02T09:27:20.79Z" },
    { url = "https://files.pythonhosted.org/packages/8c/d7/4353be581b373033fb9198bf1da3cf8f09c1082561e8e922aa7b39bf9fe8/charset_normalizer-3.4.7-cp314-cp314-musllinux_1_2_s390x.whl", hash = "sha256:d6038d37043bced98a66e68d3aa2b6a35505dc01328cd65217cefe82f25def44", size = 227024, upload-time = "2026-04-02T09:27:22.063Z" },
    { url = "https://files.pythonhosted.org/packages/30/45/99d18aa925bd1740098ccd3060e238e21115fffbfdcb8f3ece837d0ace6c/charset_normalizer-3.4.7-cp314-cp314-musllinux_1_2_x86_64.whl", hash = "sha256:7579e913a5339fb8fa133f6bbcfd8e6749696206cf05acdbdca71a1b436d8e72", size = 217869, upload-time = "2026-04-02T09:27:23.486Z" },
    { url = "https://files.pythonhosted.org/packages/5c/05/5ee478aa53f4bb7996482153d4bfe1b89e0f087f0ab6b294fcf92d595873/charset_normalizer-3.4.7-cp314-cp314-win32.whl", hash = "sha256:5b77459df20e08151cd6f8b9ef8ef1f961ef73d85c21a555c7eed5b79410ec10", size = 148541, upload-time = "2026-04-02T09:27:25.146Z" },
    { url = "https://files.pythonhosted.org/packages/48/77/72dcb0921b2ce86420b2d79d454c7022bf5be40202a2a07906b9f2a35c97/charset_normalizer-3.4.7-cp314-cp314-win_amd64.whl", hash = "sha256:92a0a01ead5e668468e952e4238cccd7c537364eb7d851ab144ab6627dbbe12f", size = 159634, upload-time = "2026-04-02T09:27:26.642Z" },
    { url = "https://files.pythonhosted.org/packages/c6/a3/c2369911cd72f02386e4e340770f6e158c7980267da16af8f668217abaa0/charset_normalizer-3.4.7-cp314-cp314-win_arm64.whl", hash = "sha256:67f6279d125ca0046a7fd386d01b311c6363844deac3e5b069b514ba3e63c246", size = 148384, upload-time = "2026-04-02T09:27:28.271Z" },
    { url = "https://files.pythonhosted.org/packages/94/09/7e8a7f73d24dba1f0035fbbf014d2c36828fc1bf9c88f84093e57d315935/charset_normalizer-3.4.7-cp314-cp314t-macosx_10_15_universal2.whl", hash = "sha256:effc3f449787117233702311a1b7d8f59cba9ced946ba727bdc329ec69028e24", size = 330133, upload-time = "2026-04-02T09:27:29.474Z" },
    { url = "https://files.pythonhosted.org/packages/8d/da/96975ddb11f8e977f706f45cddd8540fd8242f71ecdb5d18a80723dcf62c/charset_normalizer-3.4.7-cp314-cp314t-manylinux2014_aarch64.manylinux_2_17_aarch64.manylinux_2_28_aarch64.whl", hash = "sha256:fbccdc05410c9ee21bbf16a35f4c1d16123dcdeb8a1d38f33654fa21d0234f79", size = 216257, upload-time = "2026-04-02T09:27:30.793Z" },
    { url = "https://files.pythonhosted.org/packages/e5/e8/1d63bf8ef2d388e95c64b2098f45f84758f6d102a087552da1485912637b/charset_normalizer-3.4.7-cp314-cp314t-manylinux2014_ppc64le.manylinux_2_17_ppc64le.manylinux_2_28_ppc64le.whl", hash = "sha256:733784b6d6def852c814bce5f318d25da2ee65dd4839a0718641c696e09a2960", size = 234851, upload-time = "2026-04-02T09:27:32.44Z" },
    { url = "https://files.pythonhosted.org/packages/9b/40/e5ff04233e70da2681fa43969ad6f66ca5611d7e669be0246c4c7aaf6dc8/charset_normalizer-3.4.7-cp314-cp314t-manylinux2014_s390x.manylinux_2_17_s390x.manylinux_2_28_s390x.whl", hash = "sha256:a89c23ef8d2c6b27fd200a42aa4ac72786e7c60d40efdc76e6011260b6e949c4", size = 233393, upload-time = "2026-04-02T09:27:34.03Z" },
    { url = "https://files.pythonhosted.org/packages/be/c1/06c6c49d5a5450f76899992f1ee40b41d076aee9279b49cf9974d2f313d5/charset_normalizer-3.4.7-cp314-cp314t-manylinux2014_x86_64.manylinux_2_17_x86_64.manylinux_2_28_x86_64.whl", hash = "sha256:6c114670c45346afedc0d947faf3c7f701051d2518b943679c8ff88befe14f8e", size = 223251, upload-time = "2026-04-02T09:27:35.369Z" },
    { url = "https://files.pythonhosted.org/packages/2b/9f/f2ff16fb050946169e3e1f82134d107e5d4ae72647ec8a1b1446c148480f/charset_normalizer-3.4.7-cp314-cp314t-manylinux_2_31_armv7l.whl", hash = "sha256:a180c5e59792af262bf263b21a3c49353f25945d8d9f70628e73de370d55e1e1", size = 206609, upload-time = "2026-04-02T09:27:36.661Z" },
    { url = "https://files.pythonhosted.org/packages/69/d5/a527c0cd8d64d2eab7459784fb4169a0ac76e5a6fc5237337982fd61347e/charset_normalizer-3.4.7-cp314-cp314t-manylinux_2_31_riscv64.manylinux_2_39_riscv64.whl", hash = "sha256:3c9a494bc5ec77d43cea229c4f6db1e4d8fe7e1bbffa8b6f0f0032430ff8ab44", size = 220014, upload-time = "2026-04-02T09:27:38.019Z" },
    { url = "https://files.pythonhosted.org/packages/7e/80/8a7b8104a3e203074dc9aa2c613d4b726c0e136bad1cc734594b02867972/charset_normalizer-3.4.7-cp314-cp314t-musllinux_1_2_aarch64.whl", hash = "sha256:8d828b6667a32a728a1ad1d93957cdf37489c57b97ae6c4de2860fa749b8fc1e", size = 218979, upload-time = "2026-04-02T09:27:39.37Z" },
    { url = "https://files.pythonhosted.org/packages/02/9a/b759b503d507f375b2b5c153e4d2ee0a75aa215b7f2489cf314f4541f2c0/charset_normalizer-3.4.7-cp314-cp314t-musllinux_1_2_armv7l.whl", hash = "sha256:cf1493cd8607bec4d8a7b9b004e699fcf8f9103a9284cc94962cb73d20f9d4a3", size = 209238, upload-time = "2026-04-02T09:27:40.722Z" },
    { url = "https://files.pythonhosted.org/packages/c2/4e/0f3f5d47b86bdb79256e7290b26ac847a2832d9a4033f7eb2cd4bcf4bb5b/charset_normalizer-3.4.7-cp314-cp314t-musllinux_1_2_ppc64le.whl", hash = "sha256:0c96c3b819b5c3e9e165495db84d41914d6894d55181d2d108cc1a69bfc9cce0", size = 236110, upload-time = "2026-04-02T09:27:42.33Z" },
    { url = "https://files.pythonhosted.org/packages/96/23/bce28734eb3ed2c91dcf93abeb8a5cf393a7b2749725030bb630e554fdd8/charset_normalizer-3.4.7-cp314-cp314t-musllinux_1_2_riscv64.whl", hash = "sha256:752a45dc4a6934060b3b0dab47e04edc3326575f82be64bc4fc293914566503e", size = 219824, upload-time = "2026-04-02T09:27:43.924Z" },
    { url = "https://files.pythonhosted.org/packages/2c/6f/6e897c6984cc4d41af319b077f2f600fc8214eb2fe2d6bcb79141b882400/charset_normalizer-3.4.7-cp314-cp314t-musllinux_1_2_s390x.whl", hash = "sha256:8778f0c7a52e56f75d12dae53ae320fae900a8b9b4164b981b9c5ce059cd1fcb", size = 233103, upload-time = "2026-04-02T09:27:45.348Z" },
    { url = "https://files.pythonhosted.org/packages/76/22/ef7bd0fe480a0ae9b656189ec00744b60933f68b4f42a7bb06589f6f576a/charset_normalizer-3.4.7-cp314-cp314t-musllinux_1_2_x86_64.whl", hash = "sha256:ce3412fbe1e31eb81ea42f4169ed94861c56e643189e1e75f0041f3fe7020abe", size = 225194, upload-time = "2026-04-02T09:27:46.706Z" },
    { url = "https://files.pythonhosted.org/packages/c5/a7/0e0ab3e0b5bc1219bd80a6a0d4d72ca74d9250cb2382b7c699c147e06017/charset_normalizer-3.4.7-cp314-cp314t-win32.whl", hash = "sha256:c03a41a8784091e67a39648f70c5f97b5b6a37f216896d44d2cdcb82615339a0", size = 159827, upload-time = "2026-04-02T09:27:48.053Z" },
    { url = "https://files.pythonhosted.org/packages/7a/1d/29d32e0fb40864b1f878c7f5a0b343ae676c6e2b271a2d55cc3a152391da/charset_normalizer-3.4.7-cp314-cp314t-win_amd64.whl", hash = "sha256:03853ed82eeebbce3c2abfdbc98c96dc205f32a79627688ac9a27370ea61a49c", size = 174168, upload-time = "2026-04-02T09:27:49.795Z" },
    { url = "https://files.pythonhosted.org/packages/de/32/d92444ad05c7a6e41fb2036749777c163baf7a0301a040cb672d6b2b1ae9/charset_normalizer-3.4.7-cp314-cp314t-win_arm64.whl", hash = "sha256:c35abb8bfff0185efac5878da64c45dafd2b37fb0383add1be155a763c1f083d", size = 153018, upload-time = "2026-04-02T09:27:51.116Z" },
    { url = "https://files.pythonhosted.org/packages/db/8f/61959034484a4a7c527811f4721e75d02d653a35afb0b6054474d8185d4c/charset_normalizer-3.4.7-py3-none-any.whl", hash = "sha256:3dce51d0f5e7951f8bb4900c257dad282f49190fdbebecd4ba99bcc41fef404d", size = 61958, upload-time = "2026-04-02T09:28:37.794Z" },
]

[[package]]
name = "colorama"
version = "0.4.6"
source = { registry = "https://pypi.org/simple" }
sdist = { url = "https://files.pythonhosted.org/packages/d8/53/6f443c9a4a8358a93a6792e2acffb9d9d5cb0a5cfd8802644b7b1c9a02e4/colorama-0.4.6.tar.gz", hash = "sha256:08695f5cb7ed6e0531a20572697297273c47b8cae5a63ffc6d6ed5c201be6e44", size = 27697, upload-time = "2022-10-25T02:36:22.414Z" }
wheels = [
    { url = "https://files.pythonhosted.org/packages/d1/d6/3965ed04c63042e047cb6a3e6ed1a63a35087b6a609aa3a15ed8ac56c221/colorama-0.4.6-py2.py3-none-any.whl", hash = "sha256:4f1d9991f5acc0ca119f9d443620b77f9d6b33703e51011c16baf57afb285fc6", size = 25335, upload-time = "2022-10-25T02:36:20.889Z" },
]

[[package]]
name = "idna"
version = "3.16"
source = { registry = "https://pypi.org/simple" }
sdist = { url = "https://files.pythonhosted.org/packages/1a/88/bcf9709822fe69d02c2a6a77956c98ce6ea8ca8767a9aadcedc7eb6a2390/idna-3.16.tar.gz", hash = "sha256:d7a6da03db833450fca25d2358ac9ff06cd624577a4aea3a596d5c0f77b8e03d", size = 203770, upload-time = "2026-05-22T00:16:18.781Z" }
wheels = [
    { url = "https://files.pythonhosted.org/packages/94/16/70255075a9859a0e3adb789b68ceb0e210dec03934245fd98d248226572f/idna-3.16-py3-none-any.whl", hash = "sha256:cc246e3a3f89580c3a951b5ad298ca4638078b2cdd4f115654332b5c26daded5", size = 74165, upload-time = "2026-05-22T00:16:16.698Z" },
]

[[package]]
name = "iniconfig"
version = "2.3.0"
source = { registry = "https://pypi.org/simple" }
sdist = { url = "https://files.pythonhosted.org/packages/72/34/14ca021ce8e5dfedc35312d08ba8bf51fdd999c576889fc2c24cb97f4f10/iniconfig-2.3.0.tar.gz", hash = "sha256:c76315c77db068650d49c5b56314774a7804df16fee4402c1f19d6d15d8c4730", size = 20503, upload-time = "2025-10-18T21:55:43.219Z" }
wheels = [
    { url = "https://files.pythonhosted.org/packages/cb/b1/3846dd7f199d53cb17f49cba7e651e9ce294d8497c8c150530ed11865bb8/iniconfig-2.3.0-py3-none-any.whl", hash = "sha256:f631c04d2c48c52b84d0d0549c99ff3859c98df65b3101406327ecc7d53fbf12", size = 7484, upload-time = "2025-10-18T21:55:41.639Z" },
]

[[package]]
name = "nodejs-wheel-binaries"
version = "24.16.0"
source = { registry = "https://pypi.org/simple" }
sdist = { url = "https://files.pythonhosted.org/packages/a3/22/2a5beb4e21417c73233d9f65cf6f3e96e891b80d2f550a8f630ebc6b88c6/nodejs_wheel_binaries-24.16.0.tar.gz", hash = "sha256:c973cb69dc5fd16e6f6dc6e579e2c3d5534e2a1f57619dddf5ba070efa7dde37", size = 8056, upload-time = "2026-05-30T16:52:09.807Z" }
wheels = [
    { url = "https://files.pythonhosted.org/packages/83/d1/68b43b53cd0fa83ae6fd406705023ca988d9e0ca41c724d82e66fbeb2ef6/nodejs_wheel_binaries-24.16.0-py2.py3-none-macosx_13_0_arm64.whl", hash = "sha256:d9f8f677dcf30e37ac244f07869726abe043f01eb0f45722b1df31cc2af7093c", size = 55666374, upload-time = "2026-05-30T16:51:39.588Z" },
    { url = "https://files.pythonhosted.org/packages/e9/b2/40a989159599080da485de966c4c2d207e852ac7aa7864702626d96c8bf5/nodejs_wheel_binaries-24.16.0-py2.py3-none-macosx_13_0_x86_64.whl", hash = "sha256:3d0370fe7120ce9697a4f60d40480d2bd8808d9f30131458d5afc0040d4e5a51", size = 55838487, upload-time = "2026-05-30T16:51:43.383Z" },
    { url = "https://files.pythonhosted.org/packages/d7/a7/cd42174fb5ff6faff7fa8d326a18914d8f232098ab5de055b57c16fa13ca/nodejs_wheel_binaries-24.16.0-py2.py3-none-manylinux_2_28_aarch64.whl", hash = "sha256:85dc92bbb79c851569c5925dcc2a4c915a034efab375f99e4e7e6bbe9cca8342", size = 60179540, upload-time = "2026-05-30T16:51:47.036Z" },
    { url = "https://files.pythonhosted.org/packages/2b/95/c8a1f9ae140aa28df8744d984d01d4b3af7cdd6555af12127f40ceb45a7d/nodejs_wheel_binaries-24.16.0-py2.py3-none-manylinux_2_28_x86_64.whl", hash = "sha256:2f3036292811514ba847b3708492644764f88a833ac425c5f55007014308ddfd", size = 60716262, upload-time = "2026-05-30T16:51:50.711Z" },
    { url = "https://files.pythonhosted.org/packages/64/c9/7c35b3737f59e36d0249c265397b7bff570519b95301d6e16ea361e904ad/nodejs_wheel_binaries-24.16.0-py2.py3-none-musllinux_1_2_aarch64.whl", hash = "sha256:db8a8a76ebd2b28ecbfc9ad464baa3707241b9e050a30e2efdf6f60c0f886502", size = 62230592, upload-time = "2026-05-30T16:51:55Z" },
    { url = "https://files.pythonhosted.org/packages/04/96/d931255cf9d11a84d6b54d882dba7434646467d568ccf070ea3418638df3/nodejs_wheel_binaries-24.16.0-py2.py3-none-musllinux_1_2_x86_64.whl", hash = "sha256:f1a3d8f7b4491cbbd023ba3fc4e901fcca2d9fb80d57f24ba3890de8b1dbac03", size = 62841759, upload-time = "2026-05-30T16:51:59.407Z" },
    { url = "https://files.pythonhosted.org/packages/a2/7b/8b7a3f41bc255411be30b6d7d288aab8ffd9ea2055db8555ced3548007b9/nodejs_wheel_binaries-24.16.0-py2.py3-none-win_amd64.whl", hash = "sha256:bb136be9944f0662dcf1120f45193a6b75b13fac378971a95cc42c9f879a81aa", size = 42027734, upload-time = "2026-05-30T16:52:03.348Z" },
    { url = "https://files.pythonhosted.org/packages/17/66/1ed71f1f529b8ca727d42c7ceb9db0bef145ce4a13dfc86fb50aa44f3be6/nodejs_wheel_binaries-24.16.0-py2.py3-none-win_arm64.whl", hash = "sha256:8308940b5edd0a50dc5267ea36ba21c9f668e83fe0d9f293937174d3a7e31c36", size = 39714528, upload-time = "2026-05-30T16:52:06.421Z" },
]

[[package]]
name = "packaging"
version = "26.2"
source = { registry = "https://pypi.org/simple" }
sdist = { url = "https://files.pythonhosted.org/packages/d7/f1/e7a6dd94a8d4a5626c03e4e99c87f241ba9e350cd9e6d75123f992427270/packaging-26.2.tar.gz", hash = "sha256:ff452ff5a3e828ce110190feff1178bb1f2ea2281fa2075aadb987c2fb221661", size = 228134, upload-time = "2026-04-24T20:15:23.917Z" }
wheels = [
    { url = "https://files.pythonhosted.org/packages/df/b2/87e62e8c3e2f4b32e5fe99e0b86d576da1312593b39f47d8ceef365e95ed/packaging-26.2-py3-none-any.whl", hash = "sha256:5fc45236b9446107ff2415ce77c807cee2862cb6fac22b8a73826d0693b0980e", size = 100195, upload-time = "2026-04-24T20:15:22.081Z" },
]

[[package]]
name = "pluggy"
version = "1.6.0"
source = { registry = "https://pypi.org/simple" }
sdist = { url = "https://files.pythonhosted.org/packages/f9/e2/3e91f31a7d2b083fe6ef3fa267035b518369d9511ffab804f839851d2779/pluggy-1.6.0.tar.gz", hash = "sha256:7dcc130b76258d33b90f61b658791dede3486c3e6bfb003ee5c9bfb396dd22f3", size = 69412, upload-time = "2025-05-15T12:30:07.975Z" }
wheels = [
    { url = "https://files.pythonhosted.org/packages/54/20/4d324d65cc6d9205fabedc306948156824eb9f0ee1633355a8f7ec5c66bf/pluggy-1.6.0-py3-none-any.whl", hash = "sha256:e920276dd6813095e9377c0bc5566d94c932c33b27a3e3945d8389c374dd4746", size = 20538, upload-time = "2025-05-15T12:30:06.134Z" },
]

[[package]]
name = "psutil"
version = "7.2.2"
source = { registry = "https://pypi.org/simple" }
sdist = { url = "https://files.pythonhosted.org/packages/aa/c6/d1ddf4abb55e93cebc4f2ed8b5d6dbad109ecb8d63748dd2b20ab5e57ebe/psutil-7.2.2.tar.gz", hash = "sha256:0746f5f8d406af344fd547f1c8daa5f5c33dbc293bb8d6a16d80b4bb88f59372", size = 493740, upload-time = "2026-01-28T18:14:54.428Z" }
wheels = [
    { url = "https://files.pythonhosted.org/packages/81/69/ef179ab5ca24f32acc1dac0c247fd6a13b501fd5534dbae0e05a1c48b66d/psutil-7.2.2-cp314-cp314t-macosx_10_15_x86_64.whl", hash = "sha256:eed63d3b4d62449571547b60578c5b2c4bcccc5387148db46e0c2313dad0ee00", size = 130664, upload-time = "2026-01-28T18:15:09.469Z" },
    { url = "https://files.pythonhosted.org/packages/7b/64/665248b557a236d3fa9efc378d60d95ef56dd0a490c2cd37dafc7660d4a9/psutil-7.2.2-cp314-cp314t-macosx_11_0_arm64.whl", hash = "sha256:7b6d09433a10592ce39b13d7be5a54fbac1d1228ed29abc880fb23df7cb694c9", size = 131087, upload-time = "2026-01-28T18:15:11.724Z" },
    { url = "https://files.pythonhosted.org/packages/d5/2e/e6782744700d6759ebce3043dcfa661fb61e2fb752b91cdeae9af12c2178/psutil-7.2.2-cp314-cp314t-manylinux2010_x86_64.manylinux_2_12_x86_64.manylinux_2_28_x86_64.whl", hash = "sha256:1fa4ecf83bcdf6e6c8f4449aff98eefb5d0604bf88cb883d7da3d8d2d909546a", size = 182383, upload-time = "2026-01-28T18:15:13.445Z" },
    { url = "https://files.pythonhosted.org/packages/57/49/0a41cefd10cb7505cdc04dab3eacf24c0c2cb158a998b8c7b1d27ee2c1f5/psutil-7.2.2-cp314-cp314t-manylinux2014_aarch64.manylinux_2_17_aarch64.manylinux_2_28_aarch64.whl", hash = "sha256:e452c464a02e7dc7822a05d25db4cde564444a67e58539a00f929c51eddda0cf", size = 185210, upload-time = "2026-01-28T18:15:16.002Z" },
    { url = "https://files.pythonhosted.org/packages/dd/2c/ff9bfb544f283ba5f83ba725a3c5fec6d6b10b8f27ac1dc641c473dc390d/psutil-7.2.2-cp314-cp314t-win_amd64.whl", hash = "sha256:c7663d4e37f13e884d13994247449e9f8f574bc4655d509c3b95e9ec9e2b9dc1", size = 141228, upload-time = "2026-01-28T18:15:18.385Z" },
    { url = "https://files.pythonhosted.org/packages/f2/fc/f8d9c31db14fcec13748d373e668bc3bed94d9077dbc17fb0eebc073233c/psutil-7.2.2-cp314-cp314t-win_arm64.whl", hash = "sha256:11fe5a4f613759764e79c65cf11ebdf26e33d6dd34336f8a337aa2996d71c841", size = 136284, upload-time = "2026-01-28T18:15:19.912Z" },
    { url = "https://files.pythonhosted.org/packages/e7/36/5ee6e05c9bd427237b11b3937ad82bb8ad2752d72c6969314590dd0c2f6e/psutil-7.2.2-cp36-abi3-macosx_10_9_x86_64.whl", hash = "sha256:ed0cace939114f62738d808fdcecd4c869222507e266e574799e9c0faa17d486", size = 129090, upload-time = "2026-01-28T18:15:22.168Z" },
    { url = "https://files.pythonhosted.org/packages/80/c4/f5af4c1ca8c1eeb2e92ccca14ce8effdeec651d5ab6053c589b074eda6e1/psutil-7.2.2-cp36-abi3-macosx_11_0_arm64.whl", hash = "sha256:1a7b04c10f32cc88ab39cbf606e117fd74721c831c98a27dc04578deb0c16979", size = 129859, upload-time = "2026-01-28T18:15:23.795Z" },
    { url = "https://files.pythonhosted.org/packages/b5/70/5d8df3b09e25bce090399cf48e452d25c935ab72dad19406c77f4e828045/psutil-7.2.2-cp36-abi3-manylinux2010_x86_64.manylinux_2_12_x86_64.manylinux_2_28_x86_64.whl", hash = "sha256:076a2d2f923fd4821644f5ba89f059523da90dc9014e85f8e45a5774ca5bc6f9", size = 155560, upload-time = "2026-01-28T18:15:25.976Z" },
    { url = "https://files.pythonhosted.org/packages/63/65/37648c0c158dc222aba51c089eb3bdfa238e621674dc42d48706e639204f/psutil-7.2.2-cp36-abi3-manylinux2014_aarch64.manylinux_2_17_aarch64.manylinux_2_28_aarch64.whl", hash = "sha256:b0726cecd84f9474419d67252add4ac0cd9811b04d61123054b9fb6f57df6e9e", size = 156997, upload-time = "2026-01-28T18:15:27.794Z" },
    { url = "https://files.pythonhosted.org/packages/8e/13/125093eadae863ce03c6ffdbae9929430d116a246ef69866dad94da3bfbc/psutil-7.2.2-cp36-abi3-musllinux_1_2_aarch64.whl", hash = "sha256:fd04ef36b4a6d599bbdb225dd1d3f51e00105f6d48a28f006da7f9822f2606d8", size = 148972, upload-time = "2026-01-28T18:15:29.342Z" },
    { url = "https://files.pythonhosted.org/packages/04/78/0acd37ca84ce3ddffaa92ef0f571e073faa6d8ff1f0559ab1272188ea2be/psutil-7.2.2-cp36-abi3-musllinux_1_2_x86_64.whl", hash = "sha256:b58fabe35e80b264a4e3bb23e6b96f9e45a3df7fb7eed419ac0e5947c61e47cc", size = 148266, upload-time = "2026-01-28T18:15:31.597Z" },
    { url = "https://files.pythonhosted.org/packages/b4/90/e2159492b5426be0c1fef7acba807a03511f97c5f86b3caeda6ad92351a7/psutil-7.2.2-cp37-abi3-win_amd64.whl", hash = "sha256:eb7e81434c8d223ec4a219b5fc1c47d0417b12be7ea866e24fb5ad6e84b3d988", size = 137737, upload-time = "2026-01-28T18:15:33.849Z" },
    { url = "https://files.pythonhosted.org/packages/8c/c7/7bb2e321574b10df20cbde462a94e2b71d05f9bbda251ef27d104668306a/psutil-7.2.2-cp37-abi3-win_arm64.whl", hash = "sha256:8c233660f575a5a89e6d4cb65d9f938126312bca76d8fe087b947b3a1aaac9ee", size = 134617, upload-time = "2026-01-28T18:15:36.514Z" },
]

[[package]]
name = "pycurl"
version = "7.46.0"
source = { registry = "https://pypi.org/simple" }
sdist = { url = "https://files.pythonhosted.org/packages/95/23/cc07b16591af8ca373494d29aafc8df13e547077579e6779bb865a3f5a7f/pycurl-7.46.0.tar.gz", hash = "sha256:422ed7005b98768fe60fe6b6cb8bb6a4e1fc18b5433402e8fbdaba91811c4604", size = 284697, upload-time = "2026-04-30T03:13:56.309Z" }
wheels = [
    { url = "https://files.pythonhosted.org/packages/86/56/b8ddf7648cbb41c1234b65aca81fbd103745590ba2170413f6b741289e70/pycurl-7.46.0-cp314-cp314-macosx_10_15_x86_64.whl", hash = "sha256:8c550fbcb8b420e2934bf544bb4b68b397a043670c7e451d0590605e932a7538", size = 3669727, upload-time = "2026-04-30T03:13:29.938Z" },
    { url = "https://files.pythonhosted.org/packages/1a/c2/4d5eaae26e17a271d8e5f0b3c95707055ec5b8e63f13bbf37ab93fbb98e5/pycurl-7.46.0-cp314-cp314-macosx_11_0_arm64.whl", hash = "sha256:c9543d1b36d25cd3ab307282014b12d96a1dd414a736789fc1333641d37fcf4e", size = 3754257, upload-time = "2026-04-30T03:13:32.01Z" },
    { url = "https://files.pythonhosted.org/packages/b3/88/f0031c6971966813c8876750aebc6a8f2b1c1dc3f2b4799cc9616f9319a0/pycurl-7.46.0-cp314-cp314-manylinux_2_28_aarch64.whl", hash = "sha256:91a9191a817680827a27f7f22ebe0d0dff7b721c3839d90d94f9be8b657e8f48", size = 5392104, upload-time = "2026-04-30T03:13:33.904Z" },
    { url = "https://files.pythonhosted.org/packages/d0/b3/56a32607c7c87049e55ee2f3ba307035952c4d7f7d0a505f4dd7971a3433/pycurl-7.46.0-cp314-cp314-manylinux_2_28_x86_64.whl", hash = "sha256:a956d8cb66d0e428f6db34709ee2fe3009bbca638bd988ffe0c2e7b89ec5cf45", size = 5090213, upload-time = "2026-04-30T03:13:35.472Z" },
    { url = "https://files.pythonhosted.org/packages/6e/b8/bb5e4bed803fe991a87f990fc0289a46316c8bcdfc8ad8078eb338680d60/pycurl-7.46.0-cp314-cp314-win32.whl", hash = "sha256:135e4cd45f5412276b2fe23a2fbe772239a6c84685531e10c36a9b3c36b66fac", size = 2904353, upload-time = "2026-04-30T03:13:37.504Z" },
    { url = "https://files.pythonhosted.org/packages/2e/2a/0f71f9410f6a68ac4dc9993ae83b62cb5ea6a6382dbfdfaf3cf252ef2271/pycurl-7.46.0-cp314-cp314-win_amd64.whl", hash = "sha256:d9e8dd2975bc1a116618807ee040862a342593af28254c4cf4f8e7a450f73b3b", size = 3501791, upload-time = "2026-04-30T03:13:39.281Z" },
    { url = "https://files.pythonhosted.org/packages/e1/ed/7967fc6856cc0d8ac5576ff25f8cf04099cc21d56faf29c4b309546b9621/pycurl-7.46.0-cp314-cp314-win_arm64.whl", hash = "sha256:aa3fd3d61ce88430a5736664c60fddbc1ad6e205e6dfa660656ce460010c4b68", size = 3680641, upload-time = "2026-04-30T03:13:40.88Z" },
    { url = "https://files.pythonhosted.org/packages/a9/e1/d5057dc76527505934491408db79f8f129735c42b959bbfd78627e907b31/pycurl-7.46.0-cp314-cp314t-macosx_10_15_x86_64.whl", hash = "sha256:ff8ab2187bdb567f6e12cacc801767d2db4ae9e11462324881ed30aa20b7fbce", size = 3673677, upload-time = "2026-04-30T03:13:42.932Z" },
    { url = "https://files.pythonhosted.org/packages/d4/c4/6020bcaa08b5510090f79b3f0a9f42a033adf1a837ef92170b8c40eb37f4/pycurl-7.46.0-cp314-cp314t-macosx_11_0_arm64.whl", hash = "sha256:67ac5ccf58fa86dca672a5329fd71b9a1e8ac76fbf419b6f04a2b986deb24ca8", size = 3757650, upload-time = "2026-04-30T03:13:44.827Z" },
    { url = "https://files.pythonhosted.org/packages/15/08/6e89859236b6eb541fa80e9a77f1bcd726b6bee6f82677e07bfdf8687c8d/pycurl-7.46.0-cp314-cp314t-manylinux_2_28_aarch64.whl", hash = "sha256:daf8d0b9aa7828e0df8cf970d409aef689924a30cb4bc16b7ee62988b6ea4b30", size = 5476314, upload-time = "2026-04-30T03:13:46.934Z" },
    { url = "https://files.pythonhosted.org/packages/e8/59/48f7516dbf283fd244bdc8fdf9bc014b6191a257f891f1537d6add823fbd/pycurl-7.46.0-cp314-cp314t-manylinux_2_28_x86_64.whl", hash = "sha256:6a498e171b7a3cf2a6e92588e047aa6c58d2894b62f5df24b8f0af02f6d1d8b1", size = 5166833, upload-time = "2026-04-30T03:13:48.99Z" },
    { url = "https://files.pythonhosted.org/packages/b8/ef/af3510fe72cef867075f8abbce09623f5a154bef877503e9e6f9685f11e7/pycurl-7.46.0-cp314-cp314t-win32.whl", hash = "sha256:923318d2fe6010f67dcfe7c3d477b6ee7f3bf6a50f125bc84c7127e51fd4ffc9", size = 2913532, upload-time = "2026-04-30T03:13:50.843Z" },
    { url = "https://files.pythonhosted.org/packages/40/d9/2fa92f86285fbd6498ac35dfebedaaf1d51fddabb4d766d9d31c99bd3576/pycurl-7.46.0-cp314-cp314t-win_amd64.whl", hash = "sha256:3cb3cf96ccceff6e694b04134ce97e9b8cc9f4e4edfa1b5d0be68d30747c8e93", size = 3514989, upload-time = "2026-04-30T03:13:53.041Z" },
    { url = "https://files.pythonhosted.org/packages/66/ff/17eee2de079a377b3ce07cfb9323b875c6708b7eee087e88cc0fc420f4ff/pycurl-7.46.0-cp314-cp314t-win_arm64.whl", hash = "sha256:a80797ef6e3879a16c53f29280f7662c22a927be6ba8bf81d24ba02ec8239fbe", size = 3684866, upload-time = "2026-04-30T03:13:54.856Z" },
]

[[package]]
name = "pygments"
version = "2.20.0"
source = { registry = "https://pypi.org/simple" }
sdist = { url = "https://files.pythonhosted.org/packages/c3/b2/bc9c9196916376152d655522fdcebac55e66de6603a76a02bca1b6414f6c/pygments-2.20.0.tar.gz", hash = "sha256:6757cd03768053ff99f3039c1a36d6c0aa0b263438fcab17520b30a303a82b5f", size = 4955991, upload-time = "2026-03-29T13:29:33.898Z" }
wheels = [
    { url = "https://files.pythonhosted.org/packages/f4/7e/a72dd26f3b0f4f2bf1dd8923c85f7ceb43172af56d63c7383eb62b332364/pygments-2.20.0-py3-none-any.whl", hash = "sha256:81a9e26dd42fd28a23a2d169d86d7ac03b46e2f8b59ed4698fb4785f946d0176", size = 1231151, upload-time = "2026-03-29T13:29:30.038Z" },
]

[[package]]
name = "pytest"
version = "9.0.3"
source = { registry = "https://pypi.org/simple" }
dependencies = [
    { name = "colorama", marker = "sys_platform == 'win32'" },
    { name = "iniconfig" },
    { name = "packaging" },
    { name = "pluggy" },
    { name = "pygments" },
]
sdist = { url = "https://files.pythonhosted.org/packages/7d/0d/549bd94f1a0a402dc8cf64563a117c0f3765662e2e668477624baeec44d5/pytest-9.0.3.tar.gz", hash = "sha256:b86ada508af81d19edeb213c681b1d48246c1a91d304c6c81a427674c17eb91c", size = 1572165, upload-time = "2026-04-07T17:16:18.027Z" }
wheels = [
    { url = "https://files.pythonhosted.org/packages/d4/24/a372aaf5c9b7208e7112038812994107bc65a84cd00e0354a88c2c77a617/pytest-9.0.3-py3-none-any.whl", hash = "sha256:2c5efc453d45394fdd706ade797c0a81091eccd1d6e4bccfcd476e2b8e0ab5d9", size = 375249, upload-time = "2026-04-07T17:16:16.13Z" },
]

[[package]]
name = "requests"
version = "2.34.2"
source = { registry = "https://pypi.org/simple" }
dependencies = [
    { name = "certifi" },
    { name = "charset-normalizer" },
    { name = "idna" },
    { name = "urllib3" },
]
sdist = { url = "https://files.pythonhosted.org/packages/ac/c3/e2a2b89f2d3e2179abd6d00ebd70bff6273f37fb3e0cc209f48b39d00cbf/requests-2.34.2.tar.gz", hash = "sha256:f288924cae4e29463698d6d60bc6a4da69c89185ad1e0bcc4104f584e960b9ed", size = 142856, upload-time = "2026-05-14T19:25:27.735Z" }
wheels = [
    { url = "https://files.pythonhosted.org/packages/a0/f4/c67b0b3f1b9245e8d266f0f112c500d50e5b4e83cb6f3b71b6528104182a/requests-2.34.2-py3-none-any.whl", hash = "sha256:2a0d60c172f83ac6ab31e4554906c0f3b3588d37b5cb939b1c061f4907e278e0", size = 73075, upload-time = "2026-05-14T19:25:26.443Z" },
]

[[package]]
name = "ruff"
version = "0.15.15"
source = { registry = "https://pypi.org/simple" }
sdist = { url = "https://files.pythonhosted.org/packages/84/6f/a76f7d96e5c962f5b69cee865e49c15c1116897c01990faa8a57edb62e7f/ruff-0.15.15.tar.gz", hash = "sha256:b8dff018130b46d8e5bf0f926ef6b60cf871d6d5ae45fc9334e09632daa741d6", size = 4706985, upload-time = "2026-05-28T14:16:57.784Z" }
wheels = [
    { url = "https://files.pythonhosted.org/packages/fa/9d/3a45c05b8ab04b4705989de70a79008e27c8003296a0feaee9edc18dd7e9/ruff-0.15.15-py3-none-linux_armv6l.whl", hash = "sha256:cf93e5388f412e1b108b1f8b34a6e036b70fe8aff89393befad96fe48670311b", size = 10710652, upload-time = "2026-05-28T14:16:06.701Z" },
    { url = "https://files.pythonhosted.org/packages/05/66/da974431624bf3b49f6ee1f9543c02d929ff1cba78b0d5a79c38cf21f744/ruff-0.15.15-py3-none-macosx_10_12_x86_64.whl", hash = "sha256:ac5a646d1f6a7dadd5d50842dae2c1f9862ac887ef5d1b1375e02def791fde6e", size = 11096615, upload-time = "2026-05-28T14:16:23.313Z" },
    { url = "https://files.pythonhosted.org/packages/8c/09/7443452e5d290230a712103f2fdceeef7184f3ec99a2bd01c8be78aaceb5/ruff-0.15.15-py3-none-macosx_11_0_arm64.whl", hash = "sha256:77d955a431430c66f72dd94e379ad38a16daea3d25094872ac4edf9e797be530", size = 10436683, upload-time = "2026-05-28T14:16:40.974Z" },
    { url = "https://files.pythonhosted.org/packages/53/01/d330c26a57fa4f3943a14424904027428315b700fe4d14a84bb123a649e5/ruff-0.15.15-py3-none-manylinux_2_17_aarch64.manylinux2014_aarch64.whl", hash = "sha256:7614ee79c69788cf6cedd568069ade9cecc22a1ad20494efe8d0c9ebb4b622d4", size = 10769064, upload-time = "2026-05-28T14:16:28.905Z" },
    { url = "https://files.pythonhosted.org/packages/1d/85/cc8770f8bdff541b1da8392d1634141fe4a0e3f4ee596605959b7906c27f/ruff-0.15.15-py3-none-manylinux_2_17_armv7l.manylinux2014_armv7l.whl", hash = "sha256:3cdb1679e06a1f6b47bc384714ae96f6e2fb65ca441eb78c43d2ca554176ce1f", size = 10511987, upload-time = "2026-05-28T14:16:43.732Z" },
    { url = "https://files.pythonhosted.org/packages/7c/29/8c190c1472b63013583ba391f3342036e02010544c1270455ed8e519bdf3/ruff-0.15.15-py3-none-manylinux_2_17_i686.manylinux2014_i686.whl", hash = "sha256:2728b93d7b23a603ea2c0ac6eb73d760bd38ec9de35f35fb41e18f7a3fee7622", size = 11275100, upload-time = "2026-05-28T14:16:55.244Z" },
    { url = "https://files.pythonhosted.org/packages/9f/6b/7e145ce2cc8e63d6834eca03d83a0e18d121def5c69f91b4cf4011ed4879/ruff-0.15.15-py3-none-manylinux_2_17_ppc64le.manylinux2014_ppc64le.whl", hash = "sha256:be582fcc0db438902c7792b08d6ddf6c9b9e21addaa10092c2c741cfb09e5a45", size = 12176903, upload-time = "2026-05-28T14:16:14.368Z" },
    { url = "https://files.pythonhosted.org/packages/80/a3/d5974637f68e451f7fadf015cf3101d1cd7d8ba5027cffe0b9e3826ebe6b/ruff-0.15.15-py3-none-manylinux_2_17_s390x.manylinux2014_s390x.whl", hash = "sha256:7aa77465b8ecaf1a27bea098d696f7fed5e1eccbd10b321b682d6de586ae5627", size = 11404550, upload-time = "2026-05-28T14:16:20.138Z" },
    { url = "https://files.pythonhosted.org/packages/fe/1c/e6e5e568f22be4fb05d6244234aba384c06b451252453b821e1a529263cf/ruff-0.15.15-py3-none-manylinux_2_17_x86_64.manylinux2014_x86_64.whl", hash = "sha256:48decfa11d740de4889de623be1463308346312f2409a56e24aa280c86162dc4", size = 11382027, upload-time = "2026-05-28T14:16:46.615Z" },
    { url = "https://files.pythonhosted.org/packages/1d/01/170921b49fcd2e8858825593f91cf7146c3e40a5c3e6df763e4bb0484dde/ruff-0.15.15-py3-none-manylinux_2_31_riscv64.whl", hash = "sha256:a5015088452ca0081387063649ec67f06d3d1d6b8b936a1f836b5e9657ecd48c", size = 11366041, upload-time = "2026-05-28T14:16:26.247Z" },
    { url = "https://files.pythonhosted.org/packages/87/54/a7bad711d7de93254e15e06a4c375b89a03d18de45d3e5dcc86a4472fb1a/ruff-0.15.15-py3-none-musllinux_1_2_aarch64.whl", hash = "sha256:f5294aab6356c81600fcdea3a62bb1b924dfd5e91767c12318d3f68f86af57cd", size = 10741795, upload-time = "2026-05-28T14:16:17.11Z" },
    { url = "https://files.pythonhosted.org/packages/c9/31/38c075963668f8b41c6914ee0f6f318727fbe30ab9145cb29e6df464c5fa/ruff-0.15.15-py3-none-musllinux_1_2_armv7l.whl", hash = "sha256:db5bd4d802415cca656dc1616070b725952d6ae95eb5d4831e49fbd94a38f75f", size = 10511117, upload-time = "2026-05-28T14:16:31.767Z" },
    { url = "https://files.pythonhosted.org/packages/9d/96/6ff689e1f7e375d1d97075eca022f74c2bab59554a432fe4d2e6f091986a/ruff-0.15.15-py3-none-musllinux_1_2_i686.whl", hash = "sha256:587a6278ed42059191c1a466e490bd7930fb50bd2e255398bc29616c895a61cb", size = 10994867, upload-time = "2026-05-28T14:16:35.149Z" },
    { url = "https://files.pythonhosted.org/packages/c3/c2/5dce0ab9f92a8d534fa62b9bf9caca3eddb8c1a81b616f5e195ada4f0d6e/ruff-0.15.15-py3-none-musllinux_1_2_x86_64.whl", hash = "sha256:df0c1c084f5f4be9812f61518a45c440d3c30d69ce4bf6c5270e66d38338f02a", size = 11482101, upload-time = "2026-05-28T14:16:49.598Z" },
    { url = "https://files.pythonhosted.org/packages/b1/c0/1003b60edd697c649faf61f1a34094b1abb38fb3d1181e3f895781250a08/ruff-0.15.15-py3-none-win32.whl", hash = "sha256:29428ea79694afbe756d45fd59b36f22b6b020dc0443cf7de0173046236964b9", size = 10716774, upload-time = "2026-05-28T14:16:52.337Z" },
    { url = "https://files.pythonhosted.org/packages/02/a8/1269eddd6945a06c23f055ef7848886e37cf9d6a8bebb386a3115f01470c/ruff-0.15.15-py3-none-win_amd64.whl", hash = "sha256:8df0323902e15e24bc4bf246da830573d3cf3352bd0b9a164eab335d111ff4a4", size = 11868463, upload-time = "2026-05-28T14:16:11.333Z" },
    { url = "https://files.pythonhosted.org/packages/4e/b2/920464c907b191e37469d477a1aa8bc048b8f36c4c1610dfa4ab87b39e18/ruff-0.15.15-py3-none-win_arm64.whl", hash = "sha256:3c8ceca6792f38196b8f589bc92eccd03eef286602da92e5dc05cc42ef6441b7", size = 11138498, upload-time = "2026-05-28T14:16:38.425Z" },
]

[[package]]
name = "the-downloader"
version = "0.1.0"
source = { editable = "." }
dependencies = [
    { name = "psutil" },
    { name = "requests" },
]

[package.optional-dependencies]
pycurl = [
    { name = "pycurl" },
]

[package.dev-dependencies]
dev = [
    { name = "basedpyright" },
    { name = "pytest" },
    { name = "ruff" },
    { name = "uv" },
]

[package.metadata]
requires-dist = [
    { name = "psutil", specifier = ">=7.2.2" },
    { name = "pycurl", marker = "extra == 'pycurl'", specifier = ">=7.46.0" },
    { name = "requests", specifier = ">=2.34.2" },
]
provides-extras = ["pycurl"]

[package.metadata.requires-dev]
dev = [
    { name = "basedpyright", specifier = ">=1.39.6" },
    { name = "pytest", specifier = ">=9.0.3" },
    { name = "ruff", specifier = ">=0.15.15" },
    { name = "uv", specifier = ">=0.11.18" },
]

[[package]]
name = "urllib3"
version = "2.7.0"
source = { registry = "https://pypi.org/simple" }
sdist = { url = "https://files.pythonhosted.org/packages/53/0c/06f8b233b8fd13b9e5ee11424ef85419ba0d8ba0b3138bf360be2ff56953/urllib3-2.7.0.tar.gz", hash = "sha256:231e0ec3b63ceb14667c67be60f2f2c40a518cb38b03af60abc813da26505f4c", size = 433602, upload-time = "2026-05-07T16:13:18.596Z" }
wheels = [
    { url = "https://files.pythonhosted.org/packages/7f/3e/5db95bcf282c52709639744ca2a8b149baccf648e39c8cc87553df9eae0c/urllib3-2.7.0-py3-none-any.whl", hash = "sha256:9fb4c81ebbb1ce9531cce37674bbc6f1360472bc18ca9a553ede278ef7276897", size = 131087, upload-time = "2026-05-07T16:13:17.151Z" },
]

[[package]]
name = "uv"
version = "0.11.18"
source = { registry = "https://pypi.org/simple" }
sdist = { url = "https://files.pythonhosted.org/packages/68/ea/c25007a2964e5f5f5300db2cab16fe8c2fc1284f0b9bea6212e06097d05b/uv-0.11.18.tar.gz", hash = "sha256:61f2bc99898383f9bf04e24b984e42e19cde378dd79192935ca21d75563368a8", size = 4209283, upload-time = "2026-06-01T19:43:07.998Z" }
wheels = [
    { url = "https://files.pythonhosted.org/packages/4f/f1/692f05ecffe73a8bbf62c19ed3ed897556c1a4b00a7b2dd18e5b73f92daa/uv-0.11.18-py3-none-linux_armv6l.whl", hash = "sha256:b35d25a5fda7d058b1684476a47555afbe0e9560318c7a8f72cccc6b77b42e1a", size = 23592196, upload-time = "2026-06-01T19:42:27.089Z" },
    { url = "https://files.pythonhosted.org/packages/38/ad/57a31ea9ffc53a2fb5cd9a60b5edb9e4df7c526ba80be4517c6d73cf4fa7/uv-0.11.18-py3-none-macosx_10_12_x86_64.whl", hash = "sha256:90685bda9e15600ae9a2a10c326008a69f28d8652555a2e760e1493e4b1ae7b5", size = 23193111, upload-time = "2026-06-01T19:42:52.293Z" },
    { url = "https://files.pythonhosted.org/packages/af/3b/130515418bdd4be1aec5941ca2fa53dc0281750434e835ff633e6f8cd944/uv-0.11.18-py3-none-macosx_11_0_arm64.whl", hash = "sha256:0571ec649f25e2cca9eb994637aa1ae27ab3db58f87c5a9b5f9776d5d7cd2298", size = 21621552, upload-time = "2026-06-01T19:42:49.709Z" },
    { url = "https://files.pythonhosted.org/packages/95/de/7dccc8c8449235172e872a9b13b03a67e4f7975ffb875da70a3eada8a4f6/uv-0.11.18-py3-none-manylinux_2_17_aarch64.manylinux2014_aarch64.musllinux_1_1_aarch64.whl", hash = "sha256:5df2b2a59f1ee4392066df24ef9904b3bbdc226e8ab9bdff8e290127fcddc3a3", size = 23456077, upload-time = "2026-06-01T19:43:00.595Z" },
    { url = "https://files.pythonhosted.org/packages/5b/26/7490fc8a7b56847ce4aabcb40b0a938f4daf79fd7bd3a8f3a6d6babe00cc/uv-0.11.18-py3-none-manylinux_2_17_armv7l.manylinux2014_armv7l.musllinux_1_1_armv7l.whl", hash = "sha256:351db8ef413055b7e8e894ff54f30ce3fd001f4f3bbae66c2f519f30008fa5b5", size = 23147860, upload-time = "2026-06-01T19:42:57.748Z" },
    { url = "https://files.pythonhosted.org/packages/8e/56/deddff68533144d7c40a2793914fa2994d0273ef105144cbcd3c08f80eb3/uv-0.11.18-py3-none-manylinux_2_17_armv7l.manylinux2014_armv7l.whl", hash = "sha256:0adb4553e7962132f4d3a3bcbdc49332008486fc7f3e147636c18fdc49dac17e", size = 23168337, upload-time = "2026-06-01T19:42:38.344Z" },
    { url = "https://files.pythonhosted.org/packages/69/b0/71473c35536b92bc94a0ec317a7bddf800aeb90ad341044f61e17a45c6f4/uv-0.11.18-py3-none-manylinux_2_17_i686.manylinux2014_i686.whl", hash = "sha256:f9c2ab380ffafa1d754c92799ce818ce9bb20a5b053538e391fbdf0d10954a6a", size = 24543532, upload-time = "2026-06-01T19:43:03.348Z" },
    { url = "https://files.pythonhosted.org/packages/c4/74/00a422128320ed174c15b0ff7084533280850853592cf802c2f3e3bd25c2/uv-0.11.18-py3-none-manylinux_2_17_ppc64le.manylinux2014_ppc64le.whl", hash = "sha256:73c59f8bca927b922b897a2d6123e45146dc97bfc73aab40ae10359ee37897c4", size = 25497616, upload-time = "2026-06-01T19:42:32.991Z" },
    { url = "https://files.pythonhosted.org/packages/57/b9/a74e7a5029f7eebd7f8c45f6e87fbb2855705dd595980328e2403317a588/uv-0.11.18-py3-none-manylinux_2_17_s390x.manylinux2014_s390x.whl", hash = "sha256:6f2d8240e4b8eaa9507d423ede6cca8396057a24d398b89fbcc3117c79e8a42d", size = 24731187, upload-time = "2026-06-01T19:42:35.647Z" },
    { url = "https://files.pythonhosted.org/packages/ca/c4/8112b3c95db60a39c98db0641dd49bd4228f2fedb9d0ef5e4f3f48b52a0d/uv-0.11.18-py3-none-manylinux_2_17_x86_64.manylinux2014_x86_64.whl", hash = "sha256:9a4ee93dd0cc86046eb234ff8f3a5090c6cbb1466a825c5201aaf4ee4b45158d", size = 24868841, upload-time = "2026-06-01T19:42:46.905Z" },
    { url = "https://files.pythonhosted.org/packages/39/5b/1adc8261a132604bac83438f77080b1cea4b87a633890c6b68dac0d68400/uv-0.11.18-py3-none-manylinux_2_28_aarch64.whl", hash = "sha256:57f4e2dea12cac7749628bc87eb66d3aaa5c3ed27420598899d6d82aee4d1b0d", size = 23536198, upload-time = "2026-06-01T19:42:41.196Z" },
    { url = "https://files.pythonhosted.org/packages/f7/16/44b5f182c5fc442ec8866c84cceec7675b7430417dcf119c1d5b656bce89/uv-0.11.18-py3-none-manylinux_2_31_riscv64.musllinux_1_1_riscv64.whl", hash = "sha256:8b7708376d0c79f84403d293c0774e0de76a7546e1cc80e911d0fed83cee65bf", size = 24290310, upload-time = "2026-06-01T19:43:15.415Z" },
    { url = "https://files.pythonhosted.org/packages/1a/43/021c0033918330f681eb3dafcf44db4b746978b0adb9c6851b2177597b56/uv-0.11.18-py3-none-manylinux_2_31_riscv64.whl", hash = "sha256:df158cc578aa4acff250505eab422a19794c9ff732dcab9faa068caa9dbe661d", size = 24380029, upload-time = "2026-06-01T19:43:12.746Z" },
    { url = "https://files.pythonhosted.org/packages/6c/38/2474a09f24ef57cfe99549a8d2d1a887549bab522a193ad50706a4fff021/uv-0.11.18-py3-none-musllinux_1_1_i686.whl", hash = "sha256:24f251b09f6dd7c367520b6b62e22038b92c18ce56ecee8b426a6cd78151466f", size = 23854064, upload-time = "2026-06-01T19:42:54.948Z" },
    { url = "https://files.pythonhosted.org/packages/75/6a/faa140a30e993453400f94ad5675c9d0673a71191ff523d3117c312779a6/uv-0.11.18-py3-none-musllinux_1_1_x86_64.whl", hash = "sha256:6e461d64cdc957da38fec9946758020ee3a66b4508f76cb940a866f704b20355", size = 25055765, upload-time = "2026-06-01T19:43:09.914Z" },
    { url = "https://files.pythonhosted.org/packages/e4/8a/077ded1832e92161fc880a420fbd513495369716531055215399d3056eba/uv-0.11.18-py3-none-win32.whl", hash = "sha256:97d60103eec0c4295c2728f0483def79d62a3f265baa11fdf94912c8f10be019", size = 22415962, upload-time = "2026-06-01T19:43:05.896Z" },
    { url = "https://files.pythonhosted.org/packages/58/bc/68cf345e104a958f0b8971ae60a7d27c69b5892dcddc2e1d9e4a62c69931/uv-0.11.18-py3-none-win_amd64.whl", hash = "sha256:cbbedeb5fefd8c346fe2e1d71af229c04ece00a23ce277e9664db088d35c4f67", size = 25135111, upload-time = "2026-06-01T19:42:30.303Z" },
    { url = "https://files.pythonhosted.org/packages/a7/89/08bf00b50a62639129dd5c65b80a3182e9fddb67899739f9cfdc0ae1f138/uv-0.11.18-py3-none-win_arm64.whl", hash = "sha256:c9f61f96aa88ec1a890a50ca45fc05b51f4f066699e001245199895844708e38", size = 23542490, upload-time = "2026-06-01T19:42:44Z" },
]
